// !$*UTF8*$!
{
	archiveVersion = 1;
	classes = {
	};
	objectVersion = 50;
	objects = {

/* Begin PBXBuildFile section */
		22406F77237D3E7800B5F213 /* RatingSummaryView.xib in Resources */ = {isa = PBXBuildFile; fileRef = 22406F76237D3E7800B5F213 /* RatingSummaryView.xib */; };
		22406F79237D3F2700B5F213 /* RatingSummaryView.swift in Sources */ = {isa = PBXBuildFile; fileRef = 22406F78237D3F2700B5F213 /* RatingSummaryView.swift */; };
		22729326237BE09E002ED1CD /* AppDelegate.swift in Sources */ = {isa = PBXBuildFile; fileRef = 22729325237BE09E002ED1CD /* AppDelegate.swift */; };
		22729328237BE09E002ED1CD /* SceneDelegate.swift in Sources */ = {isa = PBXBuildFile; fileRef = 22729327237BE09E002ED1CD /* SceneDelegate.swift */; };
		2272932A237BE09E002ED1CD /* ViewController.swift in Sources */ = {isa = PBXBuildFile; fileRef = 22729329237BE09E002ED1CD /* ViewController.swift */; };
		2272932D237BE09E002ED1CD /* Main.storyboard in Resources */ = {isa = PBXBuildFile; fileRef = 2272932B237BE09E002ED1CD /* Main.storyboard */; };
		2272932F237BE09F002ED1CD /* Assets.xcassets in Resources */ = {isa = PBXBuildFile; fileRef = 2272932E237BE09F002ED1CD /* Assets.xcassets */; };
		22729332237BE09F002ED1CD /* LaunchScreen.storyboard in Resources */ = {isa = PBXBuildFile; fileRef = 22729330237BE09F002ED1CD /* LaunchScreen.storyboard */; };
/* End PBXBuildFile section */

/* Begin PBXFileReference section */
		22406F76237D3E7800B5F213 /* RatingSummaryView.xib */ = {isa = PBXFileReference; lastKnownFileType = file.xib; path = RatingSummaryView.xib; sourceTree = "<group>"; };
		22406F78237D3F2700B5F213 /* RatingSummaryView.swift */ = {isa = PBXFileReference; lastKnownFileType = sourcecode.swift; path = RatingSummaryView.swift; sourceTree = "<group>"; };
		22729322237BE09E002ED1CD /* RatingSummaryReview.app */ = {isa = PBXFileReference; explicitFileType = wrapper.application; includeInIndex = 0; path = RatingSummaryReview.app; sourceTree = BUILT_PRODUCTS_DIR; };
		22729325237BE09E002ED1CD /* AppDelegate.swift */ = {isa = PBXFileReference; lastKnownFileType = sourcecode.swift; path = AppDelegate.swift; sourceTree = "<group>"; };
		22729327237BE09E002ED1CD /* SceneDelegate.swift */ = {isa = PBXFileReference; lastKnownFileType = sourcecode.swift; path = SceneDelegate.swift; sourceTree = "<group>"; };
		22729329237BE09E002ED1CD /* ViewController.swift */ = {isa = PBXFileReference; lastKnownFileType = sourcecode.swift; path = ViewController.swift; sourceTree = "<group>"; };
		2272932C237BE09E002ED1CD /* Base */ = {isa = PBXFileReference; lastKnownFileType = file.storyboard; name = Base; path = Base.lproj/Main.storyboard; sourceTree = "<group>"; };
		2272932E237BE09F002ED1CD /* Assets.xcassets */ = {isa = PBXFileReference; lastKnownFileType = folder.assetcatalog; path = Assets.xcassets; sourceTree = "<group>"; };
		22729331237BE09F002ED1CD /* Base */ = {isa = PBXFileReference; lastKnownFileType = file.storyboard; name = Base; path = Base.lproj/LaunchScreen.storyboard; sourceTree = "<group>"; };
		22729333237BE09F002ED1CD /* Info.plist */ = {isa = PBXFileReference; lastKnownFileType = text.plist.xml; path = Info.plist; sourceTree = "<group>"; };
/* End PBXFileReference section */

/* Begin PBXFrameworksBuildPhase section */
		2272931F237BE09E002ED1CD /* Frameworks */ = {
			isa = PBXFrameworksBuildPhase;
			buildActionMask = 2147483647;
			files = (
			);
			runOnlyForDeploymentPostprocessing = 0;
		};
/* End PBXFrameworksBuildPhase section */

/* Begin PBXGroup section */
		22729319237BE09E002ED1CD = {
			isa = PBXGroup;
			children = (
				22729324237BE09E002ED1CD /* RatingSummaryReview */,
				22729323237BE09E002ED1CD /* Products */,
			);
			sourceTree = "<group>";
		};
		22729323237BE09E002ED1CD /* Products */ = {
			isa = PBXGroup;
			children = (
				22729322237BE09E002ED1CD /* RatingSummaryReview.app */,
			);
			name = Products;
			sourceTree = "<group>";
		};
		22729324237BE09E002ED1CD /* RatingSummaryReview */ = {
			isa = PBXGroup;
			children = (
				22729325237BE09E002ED1CD /* AppDelegate.swift */,
				22729327237BE09E002ED1CD /* SceneDelegate.swift */,
				22729329237BE09E002ED1CD /* ViewController.swift */,
				2272932B237BE09E002ED1CD /* Main.storyboard */,
				2272932E237BE09F002ED1CD /* Assets.xcassets */,
				22729330237BE09F002ED1CD /* LaunchScreen.storyboard */,
				22729333237BE09F002ED1CD /* Info.plist */,
				22406F76237D3E7800B5F213 /* RatingSummaryView.xib */,
				22406F78237D3F2700B5F213 /* RatingSummaryView.swift */,
			);
			path = RatingSummaryReview;
			sourceTree = "<group>";
		};
/* End PBXGroup section */

/* Begin PBXNativeTarget section */
		22729321237BE09E002ED1CD /* RatingSummaryReview */ = {
			isa = PBXNativeTarget;
			buildConfigurationList = 22729336237BE09F002ED1CD /* Build configuration list for PBXNativeTarget "RatingSummaryReview" */;
			buildPhases = (
				2272931E237BE09E002ED1CD /* Sources */,
				2272931F237BE09E002ED1CD /* Frameworks */,
				22729320237BE09E002ED1CD /* Resources */,
			);
			buildRules = (
			);
			dependencies = (
			);
			name = RatingSummaryReview;
			productName = RatingSummaryReview;
			productReference = 22729322237BE09E002ED1CD /* RatingSummaryReview.app */;
			productType = "com.apple.product-type.application";
		};
/* End PBXNativeTarget section */

/* Begin PBXProject section */
		2272931A237BE09E002ED1CD /* Project object */ = {
			isa = PBXProject;
			attributes = {
				LastSwiftUpdateCheck = 1110;
				LastUpgradeCheck = 1110;
				ORGANIZATIONNAME = macOS;
				TargetAttributes = {
					22729321237BE09E002ED1CD = {
						CreatedOnToolsVersion = 11.1;
					};
				};
			};
			buildConfigurationList = 2272931D237BE09E002ED1CD /* Build configuration list for PBXProject "RatingSummaryReview" */;
			compatibilityVersion = "Xcode 9.3";
			developmentRegion = en;
			hasScannedForEncodings = 0;
			knownRegions = (
				en,
				Base,
			);
			mainGroup = 22729319237BE09E002ED1CD;
			productRefGroup = 22729323237BE09E002ED1CD /* Products */;
			projectDirPath = "";
			projectRoot = "";
			targets = (
				22729321237BE09E002ED1CD /* RatingSummaryReview */,
			);
		};
/* End PBXProject section */

/* Begin PBXResourcesBuildPhase section */
		22729320237BE09E002ED1CD /* Resources */ = {
			isa = PBXResourcesBuildPhase;
			buildActionMask = 2147483647;
			files = (
				22406F77237D3E7800B5F213 /* RatingSummaryView.xib in Resources */,
				22729332237BE09F002ED1CD /* LaunchScreen.storyboard in Resources */,
				2272932F237BE09F002ED1CD /* Assets.xcassets in Resources */,
				2272932D237BE09E002ED1CD /* Main.storyboard in Resources */,
			);
			runOnlyForDeploymentPostprocessing = 0;
		};
/* End PBXResourcesBuildPhase section */

/* Begin PBXSourcesBuildPhase section */
		2272931E237BE09E002ED1CD /* Sources */ = {
			isa = PBXSourcesBuildPhase;
			buildActionMask = 2147483647;
			files = (
				22406F79237D3F2700B5F213 /* RatingSummaryView.swift in Sources */,
				2272932A237BE09E002ED1CD /* ViewController.swift in Sources */,
				22729326237BE09E002ED1CD /* AppDelegate.swift in Sources */,
				22729328237BE09E002ED1CD /* SceneDelegate.swift in Sources */,
			);
			runOnlyForDeploymentPostprocessing = 0;
		};
/* End PBXSourcesBuildPhase section */

/* Begin PBXVariantGroup section */
		2272932B237BE09E002ED1CD /* Main.storyboard */ = {
			isa = PBXVariantGroup;
			children = (
				2272932C237BE09E002ED1CD /* Base */,
			);
			name = Main.storyboard;
			sourceTree = "<group>";
		};
		22729330237BE09F002ED1CD /* LaunchScreen.storyboard */ = {
			isa = PBXVariantGroup;
			children = (
				22729331237BE09F002ED1CD /* Base */,
			);
			name = LaunchScreen.storyboard;
			sourceTree = "<group>";
		};
/* End PBXVariantGroup section */

/* Begin XCBuildConfiguration section */
		22729334237BE09F002ED1CD /* Debug */ = {
			isa = XCBuildConfiguration;
			buildSettings = {
				ALWAYS_SEARCH_USER_PATHS = NO;
				CLANG_ANALYZER_NONNULL = YES;
				CLANG_ANALYZER_NUMBER_OBJECT_CONVERSION = YES_AGGRESSIVE;
				CLANG_CXX_LANGUAGE_STANDARD = "gnu++14";
				CLANG_CXX_LIBRARY = "libc++";
				CLANG_ENABLE_MODULES = YES;
				CLANG_ENABLE_OBJC_ARC = YES;
				CLANG_ENABLE_OBJC_WEAK = YES;
				CLANG_WARN_BLOCK_CAPTURE_AUTORELEASING = YES;
				CLANG_WARN_BOOL_CONVERSION = YES;
				CLANG_WARN_COMMA = YES;
				CLANG_WARN_CONSTANT_CONVERSION = YES;
				CLANG_WARN_DEPRECATED_OBJC_IMPLEMENTATIONS = YES;
				CLANG_WARN_DIRECT_OBJC_ISA_USAGE = YES_ERROR;
				CLANG_WARN_DOCUMENTATION_COMMENTS = YES;
				CLANG_WARN_EMPTY_BODY = YES;
				CLANG_WARN_ENUM_CONVERSION = YES;
				CLANG_WARN_INFINITE_RECURSION = YES;
				CLANG_WARN_INT_CONVERSION = YES;
				CLANG_WARN_NON_LITERAL_NULL_CONVERSION = YES;
				CLANG_WARN_OBJC_IMPLICIT_RETAIN_SELF = YES;
				CLANG_WARN_OBJC_LITERAL_CONVERSION = YES;
				CLANG_WARN_OBJC_ROOT_CLASS = YES_ERROR;
				CLANG_WARN_RANGE_LOOP_ANALYSIS = YES;
				CLANG_WARN_STRICT_PROTOTYPES = YES;
				CLANG_WARN_SUSPICIOUS_MOVE = YES;
				CLANG_WARN_UNGUARDED_AVAILABILITY = YES_AGGRESSIVE;
				CLANG_WARN_UNREACHABLE_CODE = YES;
				CLANG_WARN__DUPLICATE_METHOD_MATCH = YES;
				COPY_PHASE_STRIP = NO;
				DEBUG_INFORMATION_FORMAT = dwarf;
				ENABLE_STRICT_OBJC_MSGSEND = YES;
				ENABLE_TESTABILITY = YES;
				GCC_C_LANGUAGE_STANDARD = gnu11;
				GCC_DYNAMIC_NO_PIC = NO;
				GCC_NO_COMMON_BLOCKS = YES;
				GCC_OPTIMIZATION_LEVEL = 0;
				GCC_PREPROCESSOR_DEFINITIONS = (
					"DEBUG=1",
					"$(inherited)",
				);
				GCC_WARN_64_TO_32_BIT_CONVERSION = YES;
				GCC_WARN_ABOUT_RETURN_TYPE = YES_ERROR;
				GCC_WARN_UNDECLARED_SELECTOR = YES;
				GCC_WARN_UNINITIALIZED_AUTOS = YES_AGGRESSIVE;
				GCC_WARN_UNUSED_FUNCTION = YES;
				GCC_WARN_UNUSED_VARIABLE = YES;
				IPHONEOS_DEPLOYMENT_TARGET = 13.1;
				MTL_ENABLE_DEBUG_INFO = INCLUDE_SOURCE;
				MTL_FAST_MATH = YES;
				ONLY_ACTIVE_ARCH = YES;
				SDKROOT = iphoneos;
				SWIFT_ACTIVE_COMPILATION_CONDITIONS = DEBUG;
				SWIFT_OPTIMIZATION_LEVEL = "-Onone";
			};
			name = Debug;
		};
		22729335237BE09F002ED1CD /* Release */ = {
			isa = XCBuildConfiguration;
			buildSettings = {
				ALWAYS_SEARCH_USER_PATHS = NO;
				CLANG_ANALYZER_NONNULL = YES;
				CLANG_ANALYZER_NUMBER_OBJECT_CONVERSION = YES_AGGRESSIVE;
				CLANG_CXX_LANGUAGE_STANDARD = "gnu++14";
				CLANG_CXX_LIBRARY = "libc++";
				CLANG_ENABLE_MODULES = YES;
				CLANG_ENABLE_OBJC_ARC = YES;
				CLANG_ENABLE_OBJC_WEAK = YES;
				CLANG_WARN_BLOCK_CAPTURE_AUTORELEASING = YES;
				CLANG_WARN_BOOL_CONVERSION = YES;
				CLANG_WARN_COMMA = YES;
				CLANG_WARN_CONSTANT_CONVERSION = YES;
				CLANG_WARN_DEPRECATED_OBJC_IMPLEMENTATIONS = YES;
				CLANG_WARN_DIRECT_OBJC_ISA_USAGE = YES_ERROR;
				CLANG_WARN_DOCUMENTATION_COMMENTS = YES;
				CLANG_WARN_EMPTY_BODY = YES;
				CLANG_WARN_ENUM_CONVERSION = YES;
				CLANG_WARN_INFINITE_RECURSION = YES;
				CLANG_WARN_INT_CONVERSION = YES;
				CLANG_WARN_NON_LITERAL_NULL_CONVERSION = YES;
				CLANG_WARN_OBJC_IMPLICIT_RETAIN_SELF = YES;
				CLANG_WARN_OBJC_LITERAL_CONVERSION = YES;
				CLANG_WARN_OBJC_ROOT_CLASS = YES_ERROR;
				CLANG_WARN_RANGE_LOOP_ANALYSIS = YES;
				CLANG_WARN_STRICT_PROTOTYPES = YES;
				CLANG_WARN_SUSPICIOUS_MOVE = YES;
				CLANG_WARN_UNGUARDED_AVAILABILITY = YES_AGGRESSIVE;
				CLANG_WARN_UNREACHABLE_CODE = YES;
				CLANG_WARN__DUPLICATE_METHOD_MATCH = YES;
				COPY_PHASE_STRIP = NO;
				DEBUG_INFORMATION_FORMAT = "dwarf-with-dsym";
				ENABLE_NS_ASSERTIONS = NO;
				ENABLE_STRICT_OBJC_MSGSEND = YES;
				GCC_C_LANGUAGE_STANDARD = gnu11;
				GCC_NO_COMMON_BLOCKS = YES;
				GCC_WARN_64_TO_32_BIT_CONVERSION = YES;
				GCC_WARN_ABOUT_RETURN_TYPE = YES_ERROR;
				GCC_WARN_UNDECLARED_SELECTOR = YES;
				GCC_WARN_UNINITIALIZED_AUTOS = YES_AGGRESSIVE;
				GCC_WARN_UNUSED_FUNCTION = YES;
				GCC_WARN_UNUSED_VARIABLE = YES;
				IPHONEOS_DEPLOYMENT_TARGET = 13.1;
				MTL_ENABLE_DEBUG_INFO = NO;
				MTL_FAST_MATH = YES;
				SDKROOT = iphoneos;
				SWIFT_COMPILATION_MODE = wholemodule;
				SWIFT_OPTIMIZATION_LEVEL = "-O";
				VALIDATE_PRODUCT = YES;
			};
			name = Release;
		};
		22729337237BE09F002ED1CD /* Debug */ = {
			isa = XCBuildConfiguration;
			buildSettings = {
				ASSETCATALOG_COMPILER_APPICON_NAME = AppIcon;
				CODE_SIGN_STYLE = Automatic;
				DEVELOPMENT_TEAM = BHG3GYKRBY;
				INFOPLIST_FILE = RatingSummaryReview/Info.plist;
				IPHONEOS_DEPLOYMENT_TARGET = 12.0;
				LD_RUNPATH_SEARCH_PATHS = (
					"$(inherited)",
					"@executable_path/Frameworks",
				);
				PRODUCT_BUNDLE_IDENTIFIER = com.tsol.RatingSummaryReview;
				PRODUCT_NAME = "$(TARGET_NAME)";
				SWIFT_VERSION = 5.0;
				TARGETED_DEVICE_FAMILY = 1;
			};
			name = Debug;
		};
		22729338237BE09F002ED1CD /* Release */ = {
			isa = XCBuildConfiguration;
			buildSettings = {
				ASSETCATALOG_COMPILER_APPICON_NAME = AppIcon;
				CODE_SIGN_STYLE = Automatic;
				DEVELOPMENT_TEAM = BHG3GYKRBY;
				INFOPLIST_FILE = RatingSummaryReview/Info.plist;
				IPHONEOS_DEPLOYMENT_TARGET = 12.0;
				LD_RUNPATH_SEARCH_PATHS = (
					"$(inherited)",
					"@executable_path/Frameworks",
				);
				PRODUCT_BUNDLE_IDENTIFIER = com.tsol.RatingSummaryReview;
				PRODUCT_NAME = "$(TARGET_NAME)";
				SWIFT_VERSION = 5.0;
				TARGETED_DEVICE_FAMILY = 1;
			};
			name = Release;
		};
/* End XCBuildConfiguration section */

/* Begin XCConfigurationList section */
		2272931D237BE09E002ED1CD /* Build configuration list for PBXProject "RatingSummaryReview" */ = {
			isa = XCConfigurationList;
			buildConfigurations = (
				22729334237BE09F002ED1CD /* Debug */,
				22729335237BE09F002ED1CD /* Release */,
			);
			defaultConfigurationIsVisible = 0;
			defaultConfigurationName = Release;
		};
		22729336237BE09F002ED1CD /* Build configuration list for PBXNativeTarget "RatingSummaryReview" */ = {
			isa = XCConfigurationList;
			buildConfigurations = (
				22729337237BE09F002ED1CD /* Debug */,
				22729338237BE09F002ED1CD /* Release */,
			);
			defaultConfigurationIsVisible = 0;
			defaultConfigurationName = Release;
		};
/* End XCConfigurationList section */
	};
	rootObject = 2272931A237BE09E002ED1CD /* Project object */;
}
